
Microsoft Visual Studio Solution File, Format Version 12.00
# Visual Studio 15
VisualStudioVersion = 15.0.28307.1267
MinimumVisualStudioVersion = 10.0.40219.1
Project("{FAE04EC0-301F-11D3-BF4B-00C04F79EFBC}") = "ConsoleApp1", "ConsoleApp1.csproj", "{AE22F8C9-682D-4C52-9ACC-0E022A1528AB}"
EndProject
Global
	GlobalSection(SolutionConfigurationPlatforms) = preSolution
		Debug|Any CPU = Debug|Any CPU
		Release|Any CPU = Release|Any CPU
	EndGlobalSection
	GlobalSection(ProjectConfigurationPlatforms) = postSolution
		{AE22F8C9-682D-4C52-9ACC-0E022A1528AB}.Debug|Any CPU.ActiveCfg = Debug|Any CPU
		{AE22F8C9-682D-4C52-9ACC-0E022A1528AB}.Debug|Any CPU.Build.0 = Debug|Any CPU
		{AE22F8C9-682D-4C52-9ACC-0E022A1528AB}.Release|Any CPU.ActiveCfg = Release|Any CPU
		{AE22F8C9-682D-4C52-9ACC-0E022A1528AB}.Release|Any CPU.Build.0 = Release|Any CPU
	EndGlobalSection
	GlobalSection(SolutionProperties) = preSolution
		HideSolutionNode = FALSE
	EndGlobalSection
	GlobalSection(ExtensibilityGlobals) = postSolution
		SolutionGuid = {46AB0C67-FE24-478E-97D2-F78A93C3CDB0}
	EndGlobalSection
EndGlobal
